Microsoft Visual Studio Solution File, Format Version 12.00
# Visual Studio Version 17
VisualStudioVersion = 17.0.31903.59
MinimumVisualStudioVersion = 10.0.40219.1
Project("{2150E333-8FDC-42A3-9474-1A3956D46DE8}") = "src", "src", "{DC03E25F-5ECB-49D2-8FF8-4379E0CDAF3B}"
EndProject
Project("{2150E333-8FDC-42A3-9474-1A3956D46DE8}") = "Package.AlgorData.DataStructures", "Package.AlgorData.DataStructures", "{DC4DA65F-2C27-490E-8D40-ECDB2D04A623}"
EndProject
Project("{FAE04EC0-301F-11D3-BF4B-00C04F79EFBC}") = "Stack", "src\Package.AlgorData.DataStructures\Stack\Stack.csproj", "{75B02BC4-33F3-4678-8404-71CB44DE2907}"
EndProject
Project("{2150E333-8FDC-42A3-9474-1A3956D46DE8}") = "Package.AlgorData.Tests", "Package.AlgorData.Tests", "{C39DBAB7-4F10-4845-8050-B6916EDB40F6}"
EndProject
Project("{FAE04EC0-301F-11D3-BF4B-00C04F79EFBC}") = "Package.AlgorData.UnitTests", "src\Package.AlgorData.Tests\Package.AlgorData.UnitTests\Package.AlgorData.UnitTests.csproj", "{0913E448-B733-4DBF-918E-BD34A5DD62CE}"
EndProject
Project("{FAE04EC0-301F-11D3-BF4B-00C04F79EFBC}") = "Shared", "src\Package.AlgorData.DataStructures\Shared\Shared.csproj", "{57B9C056-7435-4BBD-8A2C-14FB1C2B99EE}"
EndProject
Project("{FAE04EC0-301F-11D3-BF4B-00C04F79EFBC}") = "Queue", "src\Package.AlgorData.DataStructures\Queue\Queue.csproj", "{2D5C4C5D-105C-47AA-A996-D926A4A5CDB4}"
EndProject
Global
	GlobalSection(SolutionConfigurationPlatforms) = preSolution
		Debug|Any CPU = Debug|Any CPU
		Release|Any CPU = Release|Any CPU
	EndGlobalSection
	GlobalSection(SolutionProperties) = preSolution
		HideSolutionNode = FALSE
	EndGlobalSection
	GlobalSection(ProjectConfigurationPlatforms) = postSolution
		{75B02BC4-33F3-4678-8404-71CB44DE2907}.Debug|Any CPU.ActiveCfg = Debug|Any CPU
		{75B02BC4-33F3-4678-8404-71CB44DE2907}.Debug|Any CPU.Build.0 = Debug|Any CPU
		{75B02BC4-33F3-4678-8404-71CB44DE2907}.Release|Any CPU.ActiveCfg = Release|Any CPU
		{75B02BC4-33F3-4678-8404-71CB44DE2907}.Release|Any CPU.Build.0 = Release|Any CPU
		{0913E448-B733-4DBF-918E-BD34A5DD62CE}.Debug|Any CPU.ActiveCfg = Debug|Any CPU
		{0913E448-B733-4DBF-918E-BD34A5DD62CE}.Debug|Any CPU.Build.0 = Debug|Any CPU
		{0913E448-B733-4DBF-918E-BD34A5DD62CE}.Release|Any CPU.ActiveCfg = Release|Any CPU
		{0913E448-B733-4DBF-918E-BD34A5DD62CE}.Release|Any CPU.Build.0 = Release|Any CPU
		{57B9C056-7435-4BBD-8A2C-14FB1C2B99EE}.Debug|Any CPU.ActiveCfg = Debug|Any CPU
		{57B9C056-7435-4BBD-8A2C-14FB1C2B99EE}.Debug|Any CPU.Build.0 = Debug|Any CPU
		{57B9C056-7435-4BBD-8A2C-14FB1C2B99EE}.Release|Any CPU.ActiveCfg = Release|Any CPU
		{57B9C056-7435-4BBD-8A2C-14FB1C2B99EE}.Release|Any CPU.Build.0 = Release|Any CPU
		{2D5C4C5D-105C-47AA-A996-D926A4A5CDB4}.Debug|Any CPU.ActiveCfg = Debug|Any CPU
		{2D5C4C5D-105C-47AA-A996-D926A4A5CDB4}.Debug|Any CPU.Build.0 = Debug|Any CPU
		{2D5C4C5D-105C-47AA-A996-D926A4A5CDB4}.Release|Any CPU.ActiveCfg = Release|Any CPU
		{2D5C4C5D-105C-47AA-A996-D926A4A5CDB4}.Release|Any CPU.Build.0 = Release|Any CPU
	EndGlobalSection
	GlobalSection(NestedProjects) = preSolution
		{DC4DA65F-2C27-490E-8D40-ECDB2D04A623} = {DC03E25F-5ECB-49D2-8FF8-4379E0CDAF3B}
		{75B02BC4-33F3-4678-8404-71CB44DE2907} = {DC4DA65F-2C27-490E-8D40-ECDB2D04A623}
		{C39DBAB7-4F10-4845-8050-B6916EDB40F6} = {DC03E25F-5ECB-49D2-8FF8-4379E0CDAF3B}
		{0913E448-B733-4DBF-918E-BD34A5DD62CE} = {C39DBAB7-4F10-4845-8050-B6916EDB40F6}
		{57B9C056-7435-4BBD-8A2C-14FB1C2B99EE} = {DC4DA65F-2C27-490E-8D40-ECDB2D04A623}
		{2D5C4C5D-105C-47AA-A996-D926A4A5CDB4} = {DC4DA65F-2C27-490E-8D40-ECDB2D04A623}
	EndGlobalSection
EndGlobal
